hash: 1be2259fa5060fb5f5b4357177aa9155e90605105fcd39bf0433af1fef22fdde
updated: 2018-01-04T14:47:53.55101+01:00
imports:
- name: github.com/multiplay/go-slack
  version: 087f5f581da11370919ba54c763b2913fdf5bb34
  subpackages:
  - chat
  - lrhook
  - webhook
- name: github.com/namsral/flag
  version: 67f268f20922975c067ed799e4be6bacf152208c
- name: github.com/sirupsen/logrus
  version: d682213848ed68c0a260ca37d6dd5ace8423f5ba
- name: golang.org/x/crypto
  version: 0fcca4842a8d74bfddc2c96a073bd2a4d2a7a2e8
  subpackages:
  - ssh/terminal
- name: golang.org/x/net
  version: d866cfc389cec985d6fda2859936a575a55a3ab6
  subpackages:
  - context
- name: golang.org/x/sys
  version: 28a7276518d399b9634904daad79e18b44d481bc
  subpackages:
  - unix
  - windows
- name: golang.org/x/time
  version: 6dc17368e09b0e8634d71cac8168d853e869a0c7
  subpackages:
  - rate
testImports: []
